// !$*UTF8*$!
{
	archiveVersion = 1;
	classes = {
	};
	objectVersion = 51;
	objects = {

/* Begin PBXBuildFile section */
		8EBAA55599DCC0701C3D012E /* Pods_TrainingsApp.framework in Frameworks */ = {isa = PBXBuildFile; fileRef = E05EC7309F1AD3253B9FB352 /* Pods_TrainingsApp.framework */; };
		CA0F39122429FF1000C8E1F2 /* AppDelegate.swift in Sources */ = {isa = PBXBuildFile; fileRef = CA0F39112429FF1000C8E1F2 /* AppDelegate.swift */; };
		CA0F39142429FF1000C8E1F2 /* SceneDelegate.swift in Sources */ = {isa = PBXBuildFile; fileRef = CA0F39132429FF1000C8E1F2 /* SceneDelegate.swift */; };
		CA0F39162429FF1000C8E1F2 /* ContentView.swift in Sources */ = {isa = PBXBuildFile; fileRef = CA0F39152429FF1000C8E1F2 /* ContentView.swift */; };
		CA0F39182429FF1C00C8E1F2 /* Assets.xcassets in Resources */ = {isa = PBXBuildFile; fileRef = CA0F39172429FF1C00C8E1F2 /* Assets.xcassets */; };
		CA0F391B2429FF1C00C8E1F2 /* Preview Assets.xcassets in Resources */ = {isa = PBXBuildFile; fileRef = CA0F391A2429FF1C00C8E1F2 /* Preview Assets.xcassets */; };
		CA0F391E2429FF1C00C8E1F2 /* LaunchScreen.storyboard in Resources */ = {isa = PBXBuildFile; fileRef = CA0F391C2429FF1C00C8E1F2 /* LaunchScreen.storyboard */; };
		CA21D0FA242A7A4B0041A966 /* GoogleService-Info.plist in Resources */ = {isa = PBXBuildFile; fileRef = CA21D0F9242A7A4B0041A966 /* GoogleService-Info.plist */; };
		CA21D0FC242B1F1E0041A966 /* Storyboard.storyboard in Resources */ = {isa = PBXBuildFile; fileRef = CA21D0FB242B1F1E0041A966 /* Storyboard.storyboard */; };
		CA21D0FE242B1FD40041A966 /* CustomController.swift in Sources */ = {isa = PBXBuildFile; fileRef = CA21D0FD242B1FD40041A966 /* CustomController.swift */; };
		CA21D100242CD08A0041A966 /* HabitView.swift in Sources */ = {isa = PBXBuildFile; fileRef = CA21D0FF242CD08A0041A966 /* HabitView.swift */; };
/* End PBXBuildFile section */

/* Begin PBXFileReference section */
		3207568443DC2D59FB794A14 /* Pods-TrainingsApp.debug.xcconfig */ = {isa = PBXFileReference; includeInIndex = 1; lastKnownFileType = text.xcconfig; name = "Pods-TrainingsApp.debug.xcconfig"; path = "Target Support Files/Pods-TrainingsApp/Pods-TrainingsApp.debug.xcconfig"; sourceTree = "<group>"; };
		CA0F390E2429FF1000C8E1F2 /* TrainingsApp.app */ = {isa = PBXFileReference; explicitFileType = wrapper.application; includeInIndex = 0; path = TrainingsApp.app; sourceTree = BUILT_PRODUCTS_DIR; };
		CA0F39112429FF1000C8E1F2 /* AppDelegate.swift */ = {isa = PBXFileReference; lastKnownFileType = sourcecode.swift; path = AppDelegate.swift; sourceTree = "<group>"; };
		CA0F39132429FF1000C8E1F2 /* SceneDelegate.swift */ = {isa = PBXFileReference; lastKnownFileType = sourcecode.swift; path = SceneDelegate.swift; sourceTree = "<group>"; };
		CA0F39152429FF1000C8E1F2 /* ContentView.swift */ = {isa = PBXFileReference; lastKnownFileType = sourcecode.swift; path = ContentView.swift; sourceTree = "<group>"; };
		CA0F39172429FF1C00C8E1F2 /* Assets.xcassets */ = {isa = PBXFileReference; lastKnownFileType = folder.assetcatalog; path = Assets.xcassets; sourceTree = "<group>"; };
		CA0F391A2429FF1C00C8E1F2 /* Preview Assets.xcassets */ = {isa = PBXFileReference; lastKnownFileType = folder.assetcatalog; path = "Preview Assets.xcassets"; sourceTree = "<group>"; };
		CA0F391D2429FF1C00C8E1F2 /* Base */ = {isa = PBXFileReference; lastKnownFileType = file.storyboard; name = Base; path = Base.lproj/LaunchScreen.storyboard; sourceTree = "<group>"; };
		CA0F391F2429FF1C00C8E1F2 /* Info.plist */ = {isa = PBXFileReference; lastKnownFileType = text.plist.xml; path = Info.plist; sourceTree = "<group>"; };
		CA21D0F9242A7A4B0041A966 /* GoogleService-Info.plist */ = {isa = PBXFileReference; fileEncoding = 4; lastKnownFileType = text.plist.xml; name = "GoogleService-Info.plist"; path = "../../Downloads/GoogleService-Info.plist"; sourceTree = "<group>"; };
		CA21D0FB242B1F1E0041A966 /* Storyboard.storyboard */ = {isa = PBXFileReference; lastKnownFileType = file.storyboard; path = Storyboard.storyboard; sourceTree = "<group>"; };
		CA21D0FD242B1FD40041A966 /* CustomController.swift */ = {isa = PBXFileReference; lastKnownFileType = sourcecode.swift; path = CustomController.swift; sourceTree = "<group>"; };
		CA21D0FF242CD08A0041A966 /* HabitView.swift */ = {isa = PBXFileReference; lastKnownFileType = sourcecode.swift; path = HabitView.swift; sourceTree = "<group>"; };
		D6B4487788A6D446C4EEB8D7 /* Pods-TrainingsApp.release.xcconfig */ = {isa = PBXFileReference; includeInIndex = 1; lastKnownFileType = text.xcconfig; name = "Pods-TrainingsApp.release.xcconfig"; path = "Target Support Files/Pods-TrainingsApp/Pods-TrainingsApp.release.xcconfig"; sourceTree = "<group>"; };
		E05EC7309F1AD3253B9FB352 /* Pods_TrainingsApp.framework */ = {isa = PBXFileReference; explicitFileType = wrapper.framework; includeInIndex = 0; path = Pods_TrainingsApp.framework; sourceTree = BUILT_PRODUCTS_DIR; };
/* End PBXFileReference section */

/* Begin PBXFrameworksBuildPhase section */
		CA0F390B2429FF1000C8E1F2 /* Frameworks */ = {
			isa = PBXFrameworksBuildPhase;
			buildActionMask = 2147483647;
			files = (
				8EBAA55599DCC0701C3D012E /* Pods_TrainingsApp.framework in Frameworks */,
			);
			runOnlyForDeploymentPostprocessing = 0;
		};
/* End PBXFrameworksBuildPhase section */

/* Begin PBXGroup section */
		14F9329E62196EE3A34518D2 /* Pods */ = {
			isa = PBXGroup;
			children = (
				3207568443DC2D59FB794A14 /* Pods-TrainingsApp.debug.xcconfig */,
				D6B4487788A6D446C4EEB8D7 /* Pods-TrainingsApp.release.xcconfig */,
			);
			path = Pods;
			sourceTree = "<group>";
		};
		B457D47D1EC32051BABC1E35 /* Frameworks */ = {
			isa = PBXGroup;
			children = (
				E05EC7309F1AD3253B9FB352 /* Pods_TrainingsApp.framework */,
			);
			name = Frameworks;
			sourceTree = "<group>";
		};
		CA0F39052429FF1000C8E1F2 = {
			isa = PBXGroup;
			children = (
				CA0F39102429FF1000C8E1F2 /* TrainingsApp */,
				CA0F390F2429FF1000C8E1F2 /* Products */,
				14F9329E62196EE3A34518D2 /* Pods */,
				B457D47D1EC32051BABC1E35 /* Frameworks */,
			);
			sourceTree = "<group>";
		};
		CA0F390F2429FF1000C8E1F2 /* Products */ = {
			isa = PBXGroup;
			children = (
				CA0F390E2429FF1000C8E1F2 /* TrainingsApp.app */,
			);
			name = Products;
			sourceTree = "<group>";
		};
		CA0F39102429FF1000C8E1F2 /* TrainingsApp */ = {
			isa = PBXGroup;
			children = (
				CA0F39112429FF1000C8E1F2 /* AppDelegate.swift */,
				CA0F39132429FF1000C8E1F2 /* SceneDelegate.swift */,
				CA0F39152429FF1000C8E1F2 /* ContentView.swift */,
				CA0F39172429FF1C00C8E1F2 /* Assets.xcassets */,
				CA0F391C2429FF1C00C8E1F2 /* LaunchScreen.storyboard */,
				CA21D0F9242A7A4B0041A966 /* GoogleService-Info.plist */,
				CA0F391F2429FF1C00C8E1F2 /* Info.plist */,
				CA0F39192429FF1C00C8E1F2 /* Preview Content */,
				CA21D0FB242B1F1E0041A966 /* Storyboard.storyboard */,
				CA21D0FD242B1FD40041A966 /* CustomController.swift */,
				CA21D0FF242CD08A0041A966 /* HabitView.swift */,
			);
			path = TrainingsApp;
			sourceTree = "<group>";
		};
		CA0F39192429FF1C00C8E1F2 /* Preview Content */ = {
			isa = PBXGroup;
			children = (
				CA0F391A2429FF1C00C8E1F2 /* Preview Assets.xcassets */,
			);
			path = "Preview Content";
			sourceTree = "<group>";
		};
/* End PBXGroup section */

/* Begin PBXNativeTarget section */
		CA0F390D2429FF1000C8E1F2 /* TrainingsApp */ = {
			isa = PBXNativeTarget;
			buildConfigurationList = CA0F39222429FF1C00C8E1F2 /* Build configuration list for PBXNativeTarget "TrainingsApp" */;
			buildPhases = (
				B6165B2F6A4CF59B0847BCBC /* [CP] Check Pods Manifest.lock */,
				CA0F390A2429FF1000C8E1F2 /* Sources */,
				CA0F390B2429FF1000C8E1F2 /* Frameworks */,
				CA0F390C2429FF1000C8E1F2 /* Resources */,
				73162C926BAE46140F51D118 /* [CP] Embed Pods Frameworks */,
			);
			buildRules = (
			);
			dependencies = (
			);
			name = TrainingsApp;
			productName = TrainingsApp;
			productReference = CA0F390E2429FF1000C8E1F2 /* TrainingsApp.app */;
			productType = "com.apple.product-type.application";
		};
/* End PBXNativeTarget section */

/* Begin PBXProject section */
		CA0F39062429FF1000C8E1F2 /* Project object */ = {
			isa = PBXProject;
			attributes = {
				LastSwiftUpdateCheck = 1130;
				LastUpgradeCheck = 1130;
				ORGANIZATIONNAME = perekrist;
				TargetAttributes = {
					CA0F390D2429FF1000C8E1F2 = {
						CreatedOnToolsVersion = 11.3.1;
					};
				};
			};
			buildConfigurationList = CA0F39092429FF1000C8E1F2 /* Build configuration list for PBXProject "TrainingsApp" */;
			compatibilityVersion = "Xcode 9.3";
			developmentRegion = en;
			hasScannedForEncodings = 0;
			knownRegions = (
				en,
				Base,
			);
			mainGroup = CA0F39052429FF1000C8E1F2;
			productRefGroup = CA0F390F2429FF1000C8E1F2 /* Products */;
			projectDirPath = "";
			projectRoot = "";
			targets = (
				CA0F390D2429FF1000C8E1F2 /* TrainingsApp */,
			);
		};
/* End PBXProject section */

/* Begin PBXResourcesBuildPhase section */
		CA0F390C2429FF1000C8E1F2 /* Resources */ = {
			isa = PBXResourcesBuildPhase;
			buildActionMask = 2147483647;
			files = (
				CA0F391E2429FF1C00C8E1F2 /* LaunchScreen.storyboard in Resources */,
				CA21D0FA242A7A4B0041A966 /* GoogleService-Info.plist in Resources */,
				CA0F391B2429FF1C00C8E1F2 /* Preview Assets.xcassets in Resources */,
				CA0F39182429FF1C00C8E1F2 /* Assets.xcassets in Resources */,
				CA21D0FC242B1F1E0041A966 /* Storyboard.storyboard in Resources */,
			);
			runOnlyForDeploymentPostprocessing = 0;
		};
/* End PBXResourcesBuildPhase section */

/* Begin PBXShellScriptBuildPhase section */
		73162C926BAE46140F51D118 /* [CP] Embed Pods Frameworks */ = {
			isa = PBXShellScriptBuildPhase;
			buildActionMask = 2147483647;
			files = (
			);
			inputFileListPaths = (
				"${PODS_ROOT}/Target Support Files/Pods-TrainingsApp/Pods-TrainingsApp-frameworks-${CONFIGURATION}-input-files.xcfilelist",
			);
			name = "[CP] Embed Pods Frameworks";
			outputFileListPaths = (
				"${PODS_ROOT}/Target Support Files/Pods-TrainingsApp/Pods-TrainingsApp-frameworks-${CONFIGURATION}-output-files.xcfilelist",
			);
			runOnlyForDeploymentPostprocessing = 0;
			shellPath = /bin/sh;
			shellScript = "\"${PODS_ROOT}/Target Support Files/Pods-TrainingsApp/Pods-TrainingsApp-frameworks.sh\"\n";
			showEnvVarsInLog = 0;
		};
		B6165B2F6A4CF59B0847BCBC /* [CP] Check Pods Manifest.lock */ = {
			isa = PBXShellScriptBuildPhase;
			buildActionMask = 2147483647;
			files = (
			);
			inputFileListPaths = (
			);
			inputPaths = (
				"${PODS_PODFILE_DIR_PATH}/Podfile.lock",
				"${PODS_ROOT}/Manifest.lock",
			);
			name = "[CP] Check Pods Manifest.lock";
			outputFileListPaths = (
			);
			outputPaths = (
				"$(DERIVED_FILE_DIR)/Pods-TrainingsApp-checkManifestLockResult.txt",
			);
			runOnlyForDeploymentPostprocessing = 0;
			shellPath = /bin/sh;
			shellScript = "diff \"${PODS_PODFILE_DIR_PATH}/Podfile.lock\" \"${PODS_ROOT}/Manifest.lock\" > /dev/null\nif [ $? != 0 ] ; then\n    # print error to STDERR\n    echo \"error: The sandbox is not in sync with the Podfile.lock. Run 'pod install' or update your CocoaPods installation.\" >&2\n    exit 1\nfi\n# This output is used by Xcode 'outputs' to avoid re-running this script phase.\necho \"SUCCESS\" > \"${SCRIPT_OUTPUT_FILE_0}\"\n";
			showEnvVarsInLog = 0;
		};
/* End PBXShellScriptBuildPhase section */

/* Begin PBXSourcesBuildPhase section */
		CA0F390A2429FF1000C8E1F2 /* Sources */ = {
			isa = PBXSourcesBuildPhase;
			buildActionMask = 2147483647;
			files = (
				CA21D0FE242B1FD40041A966 /* CustomController.swift in Sources */,
				CA0F39122429FF1000C8E1F2 /* AppDelegate.swift in Sources */,
				CA0F39142429FF1000C8E1F2 /* SceneDelegate.swift in Sources */,
				CA0F39162429FF1000C8E1F2 /* ContentView.swift in Sources */,
				CA21D100242CD08A0041A966 /* HabitView.swift in Sources */,
			);
			runOnlyForDeploymentPostprocessing = 0;
		};
/* End PBXSourcesBuildPhase section */

/* Begin PBXVariantGroup section */
		CA0F391C2429FF1C00C8E1F2 /* LaunchScreen.storyboard */ = {
			isa = PBXVariantGroup;
			children = (
				CA0F391D2429FF1C00C8E1F2 /* Base */,
			);
			name = LaunchScreen.storyboard;
			sourceTree = "<group>";
		};
/* End PBXVariantGroup section */

/* Begin XCBuildConfiguration section */
		CA0F39202429FF1C00C8E1F2 /* Debug */ = {
			isa = XCBuildConfiguration;
			buildSettings = {
				ALWAYS_SEARCH_USER_PATHS = NO;
				CLANG_ANALYZER_NONNULL = YES;
				CLANG_ANALYZER_NUMBER_OBJECT_CONVERSION = YES_AGGRESSIVE;
				CLANG_CXX_LANGUAGE_STANDARD = "gnu++14";
				CLANG_CXX_LIBRARY = "libc++";
				CLANG_ENABLE_MODULES = YES;
				CLANG_ENABLE_OBJC_ARC = YES;
				CLANG_ENABLE_OBJC_WEAK = YES;
				CLANG_WARN_BLOCK_CAPTURE_AUTORELEASING = YES;
				CLANG_WARN_BOOL_CONVERSION = YES;
				CLANG_WARN_COMMA = YES;
				CLANG_WARN_CONSTANT_CONVERSION = YES;
				CLANG_WARN_DEPRECATED_OBJC_IMPLEMENTATIONS = YES;
				CLANG_WARN_DIRECT_OBJC_ISA_USAGE = YES_ERROR;
				CLANG_WARN_DOCUMENTATION_COMMENTS = YES;
				CLANG_WARN_EMPTY_BODY = YES;
				CLANG_WARN_ENUM_CONVERSION = YES;
				CLANG_WARN_INFINITE_RECURSION = YES;
				CLANG_WARN_INT_CONVERSION = YES;
				CLANG_WARN_NON_LITERAL_NULL_CONVERSION = YES;
				CLANG_WARN_OBJC_IMPLICIT_RETAIN_SELF = YES;
				CLANG_WARN_OBJC_LITERAL_CONVERSION = YES;
				CLANG_WARN_OBJC_ROOT_CLASS = YES_ERROR;
				CLANG_WARN_RANGE_LOOP_ANALYSIS = YES;
				CLANG_WARN_STRICT_PROTOTYPES = YES;
				CLANG_WARN_SUSPICIOUS_MOVE = YES;
				CLANG_WARN_UNGUARDED_AVAILABILITY = YES_AGGRESSIVE;
				CLANG_WARN_UNREACHABLE_CODE = YES;
				CLANG_WARN__DUPLICATE_METHOD_MATCH = YES;
				COPY_PHASE_STRIP = NO;
				DEBUG_INFORMATION_FORMAT = dwarf;
				ENABLE_STRICT_OBJC_MSGSEND = YES;
				ENABLE_TESTABILITY = YES;
				GCC_C_LANGUAGE_STANDARD = gnu11;
				GCC_DYNAMIC_NO_PIC = NO;
				GCC_NO_COMMON_BLOCKS = YES;
				GCC_OPTIMIZATION_LEVEL = 0;
				GCC_PREPROCESSOR_DEFINITIONS = (
					"DEBUG=1",
					"$(inherited)",
				);
				GCC_WARN_64_TO_32_BIT_CONVERSION = YES;
				GCC_WARN_ABOUT_RETURN_TYPE = YES_ERROR;
				GCC_WARN_UNDECLARED_SELECTOR = YES;
				GCC_WARN_UNINITIALIZED_AUTOS = YES_AGGRESSIVE;
				GCC_WARN_UNUSED_FUNCTION = YES;
				GCC_WARN_UNUSED_VARIABLE = YES;
				IPHONEOS_DEPLOYMENT_TARGET = 13.2;
				MTL_ENABLE_DEBUG_INFO = INCLUDE_SOURCE;
				MTL_FAST_MATH = YES;
				ONLY_ACTIVE_ARCH = YES;
				SDKROOT = iphoneos;
				SWIFT_ACTIVE_COMPILATION_CONDITIONS = DEBUG;
				SWIFT_OPTIMIZATION_LEVEL = "-Onone";
			};
			name = Debug;
		};
		CA0F39212429FF1C00C8E1F2 /* Release */ = {
			isa = XCBuildConfiguration;
			buildSettings = {
				ALWAYS_SEARCH_USER_PATHS = NO;
				CLANG_ANALYZER_NONNULL = YES;
				CLANG_ANALYZER_NUMBER_OBJECT_CONVERSION = YES_AGGRESSIVE;
				CLANG_CXX_LANGUAGE_STANDARD = "gnu++14";
				CLANG_CXX_LIBRARY = "libc++";
				CLANG_ENABLE_MODULES = YES;
				CLANG_ENABLE_OBJC_ARC = YES;
				CLANG_ENABLE_OBJC_WEAK = YES;
				CLANG_WARN_BLOCK_CAPTURE_AUTORELEASING = YES;
				CLANG_WARN_BOOL_CONVERSION = YES;
				CLANG_WARN_COMMA = YES;
				CLANG_WARN_CONSTANT_CONVERSION = YES;
				CLANG_WARN_DEPRECATED_OBJC_IMPLEMENTATIONS = YES;
				CLANG_WARN_DIRECT_OBJC_ISA_USAGE = YES_ERROR;
				CLANG_WARN_DOCUMENTATION_COMMENTS = YES;
				CLANG_WARN_EMPTY_BODY = YES;
				CLANG_WARN_ENUM_CONVERSION = YES;
				CLANG_WARN_INFINITE_RECURSION = YES;
				CLANG_WARN_INT_CONVERSION = YES;
				CLANG_WARN_NON_LITERAL_NULL_CONVERSION = YES;
				CLANG_WARN_OBJC_IMPLICIT_RETAIN_SELF = YES;
				CLANG_WARN_OBJC_LITERAL_CONVERSION = YES;
				CLANG_WARN_OBJC_ROOT_CLASS = YES_ERROR;
				CLANG_WARN_RANGE_LOOP_ANALYSIS = YES;
				CLANG_WARN_STRICT_PROTOTYPES = YES;
				CLANG_WARN_SUSPICIOUS_MOVE = YES;
				CLANG_WARN_UNGUARDED_AVAILABILITY = YES_AGGRESSIVE;
				CLANG_WARN_UNREACHABLE_CODE = YES;
				CLANG_WARN__DUPLICATE_METHOD_MATCH = YES;
				COPY_PHASE_STRIP = NO;
				DEBUG_INFORMATION_FORMAT = "dwarf-with-dsym";
				ENABLE_NS_ASSERTIONS = NO;
				ENABLE_STRICT_OBJC_MSGSEND = YES;
				GCC_C_LANGUAGE_STANDARD = gnu11;
				GCC_NO_COMMON_BLOCKS = YES;
				GCC_WARN_64_TO_32_BIT_CONVERSION = YES;
				GCC_WARN_ABOUT_RETURN_TYPE = YES_ERROR;
				GCC_WARN_UNDECLARED_SELECTOR = YES;
				GCC_WARN_UNINITIALIZED_AUTOS = YES_AGGRESSIVE;
				GCC_WARN_UNUSED_FUNCTION = YES;
				GCC_WARN_UNUSED_VARIABLE = YES;
				IPHONEOS_DEPLOYMENT_TARGET = 13.2;
				MTL_ENABLE_DEBUG_INFO = NO;
				MTL_FAST_MATH = YES;
				SDKROOT = iphoneos;
				SWIFT_COMPILATION_MODE = wholemodule;
				SWIFT_OPTIMIZATION_LEVEL = "-O";
				VALIDATE_PRODUCT = YES;
			};
			name = Release;
		};
		CA0F39232429FF1C00C8E1F2 /* Debug */ = {
			isa = XCBuildConfiguration;
			baseConfigurationReference = 3207568443DC2D59FB794A14 /* Pods-TrainingsApp.debug.xcconfig */;
			buildSettings = {
				ASSETCATALOG_COMPILER_APPICON_NAME = AppIcon;
				CODE_SIGN_STYLE = Automatic;
				DEVELOPMENT_ASSET_PATHS = "\"TrainingsApp/Preview Content\"";
				DEVELOPMENT_TEAM = 7NZPBTA9R6;
				ENABLE_PREVIEWS = YES;
				INFOPLIST_FILE = TrainingsApp/Info.plist;
				LD_RUNPATH_SEARCH_PATHS = (
					"$(inherited)",
					"@executable_path/Frameworks",
				);
				PRODUCT_BUNDLE_IDENTIFIER = com.perekrist.TrainingsApp;
				PRODUCT_NAME = "$(TARGET_NAME)";
				SWIFT_VERSION = 5.0;
				TARGETED_DEVICE_FAMILY = "1,2";
			};
			name = Debug;
		};
		CA0F39242429FF1C00C8E1F2 /* Release */ = {
			isa = XCBuildConfiguration;
			baseConfigurationReference = D6B4487788A6D446C4EEB8D7 /* Pods-TrainingsApp.release.xcconfig */;
			buildSettings = {
				ASSETCATALOG_COMPILER_APPICON_NAME = AppIcon;
				CODE_SIGN_STYLE = Automatic;
				DEVELOPMENT_ASSET_PATHS = "\"TrainingsApp/Preview Content\"";
				DEVELOPMENT_TEAM = 7NZPBTA9R6;
				ENABLE_PREVIEWS = YES;
				INFOPLIST_FILE = TrainingsApp/Info.plist;
				LD_RUNPATH_SEARCH_PATHS = (
					"$(inherited)",
					"@executable_path/Frameworks",
				);
				PRODUCT_BUNDLE_IDENTIFIER = com.perekrist.TrainingsApp;
				PRODUCT_NAME = "$(TARGET_NAME)";
				SWIFT_VERSION = 5.0;
				TARGETED_DEVICE_FAMILY = "1,2";
			};
			name = Release;
		};
/* End XCBuildConfiguration section */

/* Begin XCConfigurationList section */
		CA0F39092429FF1000C8E1F2 /* Build configuration list for PBXProject "TrainingsApp" */ = {
			isa = XCConfigurationList;
			buildConfigurations = (
				CA0F39202429FF1C00C8E1F2 /* Debug */,
				CA0F39212429FF1C00C8E1F2 /* Release */,
			);
			defaultConfigurationIsVisible = 0;
			defaultConfigurationName = Release;
		};
		CA0F39222429FF1C00C8E1F2 /* Build configuration list for PBXNativeTarget "TrainingsApp" */ = {
			isa = XCConfigurationList;
			buildConfigurations = (
				CA0F39232429FF1C00C8E1F2 /* Debug */,
				CA0F39242429FF1C00C8E1F2 /* Release */,
			);
			defaultConfigurationIsVisible = 0;
			defaultConfigurationName = Release;
		};
/* End XCConfigurationList section */
	};
	rootObject = CA0F39062429FF1000C8E1F2 /* Project object */;
}
